
Microsoft Visual Studio Solution File, Format Version 12.00
# Visual Studio 15
VisualStudioVersion = 15.0.28307.106
MinimumVisualStudioVersion = 10.0.40219.1
Project("{FAE04EC0-301F-11D3-BF4B-00C04F79EFBC}") = "Megastore", "Megastore\Megastore.csproj", "{56F083C0-BDB2-4B80-9FC8-6F73D3E96E4B}"
EndProject
Global
	GlobalSection(SolutionConfigurationPlatforms) = preSolution
		Debug|Any CPU = Debug|Any CPU
		Release|Any CPU = Release|Any CPU
	EndGlobalSection
	GlobalSection(ProjectConfigurationPlatforms) = postSolution
		{56F083C0-BDB2-4B80-9FC8-6F73D3E96E4B}.Debug|Any CPU.ActiveCfg = Debug|Any CPU
		{56F083C0-BDB2-4B80-9FC8-6F73D3E96E4B}.Debug|Any CPU.Build.0 = Debug|Any CPU
		{56F083C0-BDB2-4B80-9FC8-6F73D3E96E4B}.Release|Any CPU.ActiveCfg = Release|Any CPU
		{56F083C0-BDB2-4B80-9FC8-6F73D3E96E4B}.Release|Any CPU.Build.0 = Release|Any CPU
	EndGlobalSection
	GlobalSection(SolutionProperties) = preSolution
		HideSolutionNode = FALSE
	EndGlobalSection
	GlobalSection(ExtensibilityGlobals) = postSolution
		SolutionGuid = {44E4D03E-B5A4-4925-83BA-524A152C351E}
	EndGlobalSection
EndGlobal
